// !$*UTF8*$!
{
	archiveVersion = 1;
	classes = {
	};
	objectVersion = 56;
	objects = {

/* Begin PBXBuildFile section */
		2B1DB42B2BA063F90040DF54 /* AppDetailCollectionViewCell.swift in Sources */ = {isa = PBXBuildFile; fileRef = 2B1DB42A2BA063F90040DF54 /* AppDetailCollectionViewCell.swift */; };
		2B1DB42D2BA0858B0040DF54 /* AppScreenshotCollectionViewCell.swift in Sources */ = {isa = PBXBuildFile; fileRef = 2B1DB42C2BA0858B0040DF54 /* AppScreenshotCollectionViewCell.swift */; };
		2B1DB4302BA090840040DF54 /* AppRatingCollectionViewCell.swift in Sources */ = {isa = PBXBuildFile; fileRef = 2B1DB42F2BA090840040DF54 /* AppRatingCollectionViewCell.swift */; };
		2B1DB4322BA093330040DF54 /* RatingModel.swift in Sources */ = {isa = PBXBuildFile; fileRef = 2B1DB4312BA093330040DF54 /* RatingModel.swift */; };
		2B1DB4342BA0936F0040DF54 /* RatingViewModel.swift in Sources */ = {isa = PBXBuildFile; fileRef = 2B1DB4332BA0936F0040DF54 /* RatingViewModel.swift */; };
		2B1DB43C2BA4700C0040DF54 /* SettingsModel.swift in Sources */ = {isa = PBXBuildFile; fileRef = 2B1DB43B2BA4700C0040DF54 /* SettingsModel.swift */; };
		2B1DB4412BA834220040DF54 /* SettingsTableViewCell.swift in Sources */ = {isa = PBXBuildFile; fileRef = 2B1DB4402BA834220040DF54 /* SettingsTableViewCell.swift */; };
		2B1DB4452BA877810040DF54 /* TodayViewController.swift in Sources */ = {isa = PBXBuildFile; fileRef = 2B1DB4442BA877810040DF54 /* TodayViewController.swift */; };
		2B1DB4472BA879CD0040DF54 /* TodayModel.swift in Sources */ = {isa = PBXBuildFile; fileRef = 2B1DB4462BA879CD0040DF54 /* TodayModel.swift */; };
		2B1DB4492BA8BE0A0040DF54 /* TodayCollectionViewCell.swift in Sources */ = {isa = PBXBuildFile; fileRef = 2B1DB4482BA8BE0A0040DF54 /* TodayCollectionViewCell.swift */; };
		2B1DB44F2BA9A34C0040DF54 /* TodayDetailViewModel.swift in Sources */ = {isa = PBXBuildFile; fileRef = 2B1DB44E2BA9A34C0040DF54 /* TodayDetailViewModel.swift */; };
		2B1DB4512BA9BCD60040DF54 /* TodayDetailViewController.swift in Sources */ = {isa = PBXBuildFile; fileRef = 2B1DB4502BA9BCD60040DF54 /* TodayDetailViewController.swift */; };
		2B1DB4532BA9BD170040DF54 /* TodayDetailCollectionViewCell.swift in Sources */ = {isa = PBXBuildFile; fileRef = 2B1DB4522BA9BD170040DF54 /* TodayDetailCollectionViewCell.swift */; };
		2B1DB4562BAAF9490040DF54 /* AppHeaderModel.swift in Sources */ = {isa = PBXBuildFile; fileRef = 2B1DB4552BAAF9490040DF54 /* AppHeaderModel.swift */; };
		2B1DB4582BAAFA2D0040DF54 /* AppHeaderViewModel.swift in Sources */ = {isa = PBXBuildFile; fileRef = 2B1DB4572BAAFA2D0040DF54 /* AppHeaderViewModel.swift */; };
		2B1DB45A2BAAFA690040DF54 /* AppHeaderCollectionViewCell.swift in Sources */ = {isa = PBXBuildFile; fileRef = 2B1DB4592BAAFA690040DF54 /* AppHeaderCollectionViewCell.swift */; };
		2BC33FFF2B970DD200571A64 /* AppDelegate.swift in Sources */ = {isa = PBXBuildFile; fileRef = 2BC33FFE2B970DD200571A64 /* AppDelegate.swift */; };
		2BC340012B970DD200571A64 /* SceneDelegate.swift in Sources */ = {isa = PBXBuildFile; fileRef = 2BC340002B970DD200571A64 /* SceneDelegate.swift */; };
		2BC340082B970DD300571A64 /* Assets.xcassets in Resources */ = {isa = PBXBuildFile; fileRef = 2BC340072B970DD300571A64 /* Assets.xcassets */; };
		2BC3400B2B970DD300571A64 /* LaunchScreen.storyboard in Resources */ = {isa = PBXBuildFile; fileRef = 2BC340092B970DD300571A64 /* LaunchScreen.storyboard */; };
		2BC3401A2B97107000571A64 /* MainTabBarViewController.swift in Sources */ = {isa = PBXBuildFile; fileRef = 2BC340192B97107000571A64 /* MainTabBarViewController.swift */; };
		2BC3401C2B97109300571A64 /* SearchViewController.swift in Sources */ = {isa = PBXBuildFile; fileRef = 2BC3401B2B97109300571A64 /* SearchViewController.swift */; };
		2BC3401E2B9711FE00571A64 /* SettingsViewController.swift in Sources */ = {isa = PBXBuildFile; fileRef = 2BC3401D2B9711FE00571A64 /* SettingsViewController.swift */; };
		2BC340202B9717A100571A64 /* AppsViewController.swift in Sources */ = {isa = PBXBuildFile; fileRef = 2BC3401F2B9717A100571A64 /* AppsViewController.swift */; };
		2BC393CC2B972DE70011AB17 /* TopPaidCellView.swift in Sources */ = {isa = PBXBuildFile; fileRef = 2BC393CB2B972DE70011AB17 /* TopPaidCellView.swift */; };
		2BC393CE2B972E570011AB17 /* TopFreeCellView.swift in Sources */ = {isa = PBXBuildFile; fileRef = 2BC393CD2B972E570011AB17 /* TopFreeCellView.swift */; };
		2BC393D02B972F9C0011AB17 /* Extensions.swift in Sources */ = {isa = PBXBuildFile; fileRef = 2BC393CF2B972F9C0011AB17 /* Extensions.swift */; };
		2BC393D22B973C610011AB17 /* HeaderViewCell.swift in Sources */ = {isa = PBXBuildFile; fileRef = 2BC393D12B973C610011AB17 /* HeaderViewCell.swift */; };
		2BC393D42B9740EE0011AB17 /* AppModel.swift in Sources */ = {isa = PBXBuildFile; fileRef = 2BC393D32B9740EE0011AB17 /* AppModel.swift */; };
		2BC393D62B97449B0011AB17 /* APICaller.swift in Sources */ = {isa = PBXBuildFile; fileRef = 2BC393D52B97449B0011AB17 /* APICaller.swift */; };
		2BC393D82B9749EA0011AB17 /* AppsViewModel.swift in Sources */ = {isa = PBXBuildFile; fileRef = 2BC393D72B9749EA0011AB17 /* AppsViewModel.swift */; };
		2BC393DE2B97A6870011AB17 /* Kingfisher in Frameworks */ = {isa = PBXBuildFile; productRef = 2BC393DD2B97A6870011AB17 /* Kingfisher */; };
		2BC393F12B99B6710011AB17 /* SearchViewCell.swift in Sources */ = {isa = PBXBuildFile; fileRef = 2BC393F02B99B6710011AB17 /* SearchViewCell.swift */; };
		2BC393F52B99E9440011AB17 /* SearchModel.swift in Sources */ = {isa = PBXBuildFile; fileRef = 2BC393F42B99E9440011AB17 /* SearchModel.swift */; };
		2BC393F92B9A3F2F0011AB17 /* SearchViewModel.swift in Sources */ = {isa = PBXBuildFile; fileRef = 2BC393F82B9A3F2F0011AB17 /* SearchViewModel.swift */; };
		2BD5644A2B9B279D002F6CE6 /* AppDetailViewModel.swift in Sources */ = {isa = PBXBuildFile; fileRef = 2BD564492B9B279D002F6CE6 /* AppDetailViewModel.swift */; };
		2BD5644C2B9B27B3002F6CE6 /* AppDetailModel.swift in Sources */ = {isa = PBXBuildFile; fileRef = 2BD5644B2B9B27B3002F6CE6 /* AppDetailModel.swift */; };
		2BD564502BA04AFC002F6CE6 /* AppsDetailViewController.swift in Sources */ = {isa = PBXBuildFile; fileRef = 2BD5644F2BA04AFC002F6CE6 /* AppsDetailViewController.swift */; };
/* End PBXBuildFile section */

/* Begin PBXFileReference section */
		2B1DB42A2BA063F90040DF54 /* AppDetailCollectionViewCell.swift */ = {isa = PBXFileReference; lastKnownFileType = sourcecode.swift; path = AppDetailCollectionViewCell.swift; sourceTree = "<group>"; };
		2B1DB42C2BA0858B0040DF54 /* AppScreenshotCollectionViewCell.swift */ = {isa = PBXFileReference; lastKnownFileType = sourcecode.swift; path = AppScreenshotCollectionViewCell.swift; sourceTree = "<group>"; };
		2B1DB42F2BA090840040DF54 /* AppRatingCollectionViewCell.swift */ = {isa = PBXFileReference; lastKnownFileType = sourcecode.swift; path = AppRatingCollectionViewCell.swift; sourceTree = "<group>"; };
		2B1DB4312BA093330040DF54 /* RatingModel.swift */ = {isa = PBXFileReference; lastKnownFileType = sourcecode.swift; path = RatingModel.swift; sourceTree = "<group>"; };
		2B1DB4332BA0936F0040DF54 /* RatingViewModel.swift */ = {isa = PBXFileReference; lastKnownFileType = sourcecode.swift; path = RatingViewModel.swift; sourceTree = "<group>"; };
		2B1DB43B2BA4700C0040DF54 /* SettingsModel.swift */ = {isa = PBXFileReference; lastKnownFileType = sourcecode.swift; path = SettingsModel.swift; sourceTree = "<group>"; };
		2B1DB4402BA834220040DF54 /* SettingsTableViewCell.swift */ = {isa = PBXFileReference; lastKnownFileType = sourcecode.swift; path = SettingsTableViewCell.swift; sourceTree = "<group>"; };
		2B1DB4442BA877810040DF54 /* TodayViewController.swift */ = {isa = PBXFileReference; lastKnownFileType = sourcecode.swift; path = TodayViewController.swift; sourceTree = "<group>"; };
		2B1DB4462BA879CD0040DF54 /* TodayModel.swift */ = {isa = PBXFileReference; lastKnownFileType = sourcecode.swift; path = TodayModel.swift; sourceTree = "<group>"; };
		2B1DB4482BA8BE0A0040DF54 /* TodayCollectionViewCell.swift */ = {isa = PBXFileReference; lastKnownFileType = sourcecode.swift; path = TodayCollectionViewCell.swift; sourceTree = "<group>"; };
		2B1DB44E2BA9A34C0040DF54 /* TodayDetailViewModel.swift */ = {isa = PBXFileReference; lastKnownFileType = sourcecode.swift; path = TodayDetailViewModel.swift; sourceTree = "<group>"; };
		2B1DB4502BA9BCD60040DF54 /* TodayDetailViewController.swift */ = {isa = PBXFileReference; lastKnownFileType = sourcecode.swift; path = TodayDetailViewController.swift; sourceTree = "<group>"; };
		2B1DB4522BA9BD170040DF54 /* TodayDetailCollectionViewCell.swift */ = {isa = PBXFileReference; lastKnownFileType = sourcecode.swift; path = TodayDetailCollectionViewCell.swift; sourceTree = "<group>"; };
		2B1DB4552BAAF9490040DF54 /* AppHeaderModel.swift */ = {isa = PBXFileReference; lastKnownFileType = sourcecode.swift; path = AppHeaderModel.swift; sourceTree = "<group>"; };
		2B1DB4572BAAFA2D0040DF54 /* AppHeaderViewModel.swift */ = {isa = PBXFileReference; lastKnownFileType = sourcecode.swift; path = AppHeaderViewModel.swift; sourceTree = "<group>"; };
		2B1DB4592BAAFA690040DF54 /* AppHeaderCollectionViewCell.swift */ = {isa = PBXFileReference; lastKnownFileType = sourcecode.swift; path = AppHeaderCollectionViewCell.swift; sourceTree = "<group>"; };
		2BC33FFB2B970DD200571A64 /* AppStore.app */ = {isa = PBXFileReference; explicitFileType = wrapper.application; includeInIndex = 0; path = AppStore.app; sourceTree = BUILT_PRODUCTS_DIR; };
		2BC33FFE2B970DD200571A64 /* AppDelegate.swift */ = {isa = PBXFileReference; lastKnownFileType = sourcecode.swift; path = AppDelegate.swift; sourceTree = "<group>"; };
		2BC340002B970DD200571A64 /* SceneDelegate.swift */ = {isa = PBXFileReference; lastKnownFileType = sourcecode.swift; path = SceneDelegate.swift; sourceTree = "<group>"; };
		2BC340072B970DD300571A64 /* Assets.xcassets */ = {isa = PBXFileReference; lastKnownFileType = folder.assetcatalog; path = Assets.xcassets; sourceTree = "<group>"; };
		2BC3400A2B970DD300571A64 /* Base */ = {isa = PBXFileReference; lastKnownFileType = file.storyboard; name = Base; path = Base.lproj/LaunchScreen.storyboard; sourceTree = "<group>"; };
		2BC3400C2B970DD300571A64 /* Info.plist */ = {isa = PBXFileReference; lastKnownFileType = text.plist.xml; path = Info.plist; sourceTree = "<group>"; };
		2BC340192B97107000571A64 /* MainTabBarViewController.swift */ = {isa = PBXFileReference; lastKnownFileType = sourcecode.swift; path = MainTabBarViewController.swift; sourceTree = "<group>"; };
		2BC3401B2B97109300571A64 /* SearchViewController.swift */ = {isa = PBXFileReference; lastKnownFileType = sourcecode.swift; path = SearchViewController.swift; sourceTree = "<group>"; };
		2BC3401D2B9711FE00571A64 /* SettingsViewController.swift */ = {isa = PBXFileReference; lastKnownFileType = sourcecode.swift; path = SettingsViewController.swift; sourceTree = "<group>"; };
		2BC3401F2B9717A100571A64 /* AppsViewController.swift */ = {isa = PBXFileReference; lastKnownFileType = sourcecode.swift; path = AppsViewController.swift; sourceTree = "<group>"; };
		2BC393CB2B972DE70011AB17 /* TopPaidCellView.swift */ = {isa = PBXFileReference; lastKnownFileType = sourcecode.swift; path = TopPaidCellView.swift; sourceTree = "<group>"; };
		2BC393CD2B972E570011AB17 /* TopFreeCellView.swift */ = {isa = PBXFileReference; lastKnownFileType = sourcecode.swift; path = TopFreeCellView.swift; sourceTree = "<group>"; };
		2BC393CF2B972F9C0011AB17 /* Extensions.swift */ = {isa = PBXFileReference; lastKnownFileType = sourcecode.swift; path = Extensions.swift; sourceTree = "<group>"; };
		2BC393D12B973C610011AB17 /* HeaderViewCell.swift */ = {isa = PBXFileReference; lastKnownFileType = sourcecode.swift; path = HeaderViewCell.swift; sourceTree = "<group>"; };
		2BC393D32B9740EE0011AB17 /* AppModel.swift */ = {isa = PBXFileReference; lastKnownFileType = sourcecode.swift; path = AppModel.swift; sourceTree = "<group>"; };
		2BC393D52B97449B0011AB17 /* APICaller.swift */ = {isa = PBXFileReference; lastKnownFileType = sourcecode.swift; path = APICaller.swift; sourceTree = "<group>"; };
		2BC393D72B9749EA0011AB17 /* AppsViewModel.swift */ = {isa = PBXFileReference; lastKnownFileType = sourcecode.swift; path = AppsViewModel.swift; sourceTree = "<group>"; };
		2BC393F02B99B6710011AB17 /* SearchViewCell.swift */ = {isa = PBXFileReference; lastKnownFileType = sourcecode.swift; path = SearchViewCell.swift; sourceTree = "<group>"; };
		2BC393F42B99E9440011AB17 /* SearchModel.swift */ = {isa = PBXFileReference; lastKnownFileType = sourcecode.swift; path = SearchModel.swift; sourceTree = "<group>"; };
		2BC393F82B9A3F2F0011AB17 /* SearchViewModel.swift */ = {isa = PBXFileReference; lastKnownFileType = sourcecode.swift; path = SearchViewModel.swift; sourceTree = "<group>"; };
		2BD564492B9B279D002F6CE6 /* AppDetailViewModel.swift */ = {isa = PBXFileReference; lastKnownFileType = sourcecode.swift; path = AppDetailViewModel.swift; sourceTree = "<group>"; };
		2BD5644B2B9B27B3002F6CE6 /* AppDetailModel.swift */ = {isa = PBXFileReference; lastKnownFileType = sourcecode.swift; path = AppDetailModel.swift; sourceTree = "<group>"; };
		2BD5644F2BA04AFC002F6CE6 /* AppsDetailViewController.swift */ = {isa = PBXFileReference; lastKnownFileType = sourcecode.swift; path = AppsDetailViewController.swift; sourceTree = "<group>"; };
/* End PBXFileReference section */

/* Begin PBXFrameworksBuildPhase section */
		2BC33FF82B970DD200571A64 /* Frameworks */ = {
			isa = PBXFrameworksBuildPhase;
			buildActionMask = 2147483647;
			files = (
				2BC393DE2B97A6870011AB17 /* Kingfisher in Frameworks */,
			);
			runOnlyForDeploymentPostprocessing = 0;
		};
/* End PBXFrameworksBuildPhase section */

/* Begin PBXGroup section */
		2B1DB42E2BA0863C0040DF54 /* AppDetailView */ = {
			isa = PBXGroup;
			children = (
				2B1DB42A2BA063F90040DF54 /* AppDetailCollectionViewCell.swift */,
				2B1DB42C2BA0858B0040DF54 /* AppScreenshotCollectionViewCell.swift */,
				2B1DB42F2BA090840040DF54 /* AppRatingCollectionViewCell.swift */,
			);
			path = AppDetailView;
			sourceTree = "<group>";
		};
		2B1DB43F2BA833E50040DF54 /* SettingsView */ = {
			isa = PBXGroup;
			children = (
				2B1DB4402BA834220040DF54 /* SettingsTableViewCell.swift */,
			);
			path = SettingsView;
			sourceTree = "<group>";
		};
		2B1DB4542BAAE09F0040DF54 /* TodayView */ = {
			isa = PBXGroup;
			children = (
				2B1DB4482BA8BE0A0040DF54 /* TodayCollectionViewCell.swift */,
				2B1DB4522BA9BD170040DF54 /* TodayDetailCollectionViewCell.swift */,
			);
			path = TodayView;
			sourceTree = "<group>";
		};
		2BC33FF22B970DD200571A64 = {
			isa = PBXGroup;
			children = (
				2BC33FFD2B970DD200571A64 /* AppStore */,
				2BC33FFC2B970DD200571A64 /* Products */,
				2BC393DC2B97A6870011AB17 /* Frameworks */,
			);
			sourceTree = "<group>";
		};
		2BC33FFC2B970DD200571A64 /* Products */ = {
			isa = PBXGroup;
			children = (
				2BC33FFB2B970DD200571A64 /* AppStore.app */,
			);
			name = Products;
			sourceTree = "<group>";
		};
		2BC33FFD2B970DD200571A64 /* AppStore */ = {
			isa = PBXGroup;
			children = (
				2BC340182B97102D00571A64 /* Files */,
				2BC340172B97102200571A64 /* Utils */,
				2BC340162B97101400571A64 /* Service */,
				2BC340152B97100E00571A64 /* Models */,
				2BC340142B970FF300571A64 /* ViewModels */,
				2BC340132B970FE700571A64 /* Views */,
				2BC340122B970FDA00571A64 /* ViewControllers */,
				2BC3400C2B970DD300571A64 /* Info.plist */,
			);
			path = AppStore;
			sourceTree = "<group>";
		};
		2BC340122B970FDA00571A64 /* ViewControllers */ = {
			isa = PBXGroup;
			children = (
				2BC3401F2B9717A100571A64 /* AppsViewController.swift */,
				2BD5644F2BA04AFC002F6CE6 /* AppsDetailViewController.swift */,
				2BC3401B2B97109300571A64 /* SearchViewController.swift */,
				2B1DB4442BA877810040DF54 /* TodayViewController.swift */,
				2B1DB4502BA9BCD60040DF54 /* TodayDetailViewController.swift */,
				2BC3401D2B9711FE00571A64 /* SettingsViewController.swift */,
				2BC340192B97107000571A64 /* MainTabBarViewController.swift */,
			);
			path = ViewControllers;
			sourceTree = "<group>";
		};
		2BC340132B970FE700571A64 /* Views */ = {
			isa = PBXGroup;
			children = (
				2B1DB4542BAAE09F0040DF54 /* TodayView */,
				2B1DB43F2BA833E50040DF54 /* SettingsView */,
				2B1DB42E2BA0863C0040DF54 /* AppDetailView */,
				2BC393EF2B99B61F0011AB17 /* SearchView */,
				2BC393EC2B9887DD0011AB17 /* AppView */,
			);
			path = Views;
			sourceTree = "<group>";
		};
		2BC340142B970FF300571A64 /* ViewModels */ = {
			isa = PBXGroup;
			children = (
				2BC393D72B9749EA0011AB17 /* AppsViewModel.swift */,
				2BC393F82B9A3F2F0011AB17 /* SearchViewModel.swift */,
				2BD564492B9B279D002F6CE6 /* AppDetailViewModel.swift */,
				2B1DB4332BA0936F0040DF54 /* RatingViewModel.swift */,
				2B1DB44E2BA9A34C0040DF54 /* TodayDetailViewModel.swift */,
				2B1DB4572BAAFA2D0040DF54 /* AppHeaderViewModel.swift */,
			);
			path = ViewModels;
			sourceTree = "<group>";
		};
		2BC340152B97100E00571A64 /* Models */ = {
			isa = PBXGroup;
			children = (
				2BC393D32B9740EE0011AB17 /* AppModel.swift */,
				2BC393F42B99E9440011AB17 /* SearchModel.swift */,
				2BD5644B2B9B27B3002F6CE6 /* AppDetailModel.swift */,
				2B1DB4312BA093330040DF54 /* RatingModel.swift */,
				2B1DB43B2BA4700C0040DF54 /* SettingsModel.swift */,
				2B1DB4462BA879CD0040DF54 /* TodayModel.swift */,
				2B1DB4552BAAF9490040DF54 /* AppHeaderModel.swift */,
			);
			path = Models;
			sourceTree = "<group>";
		};
		2BC340162B97101400571A64 /* Service */ = {
			isa = PBXGroup;
			children = (
				2BC393D52B97449B0011AB17 /* APICaller.swift */,
			);
			path = Service;
			sourceTree = "<group>";
		};
		2BC340172B97102200571A64 /* Utils */ = {
			isa = PBXGroup;
			children = (
				2BC393CF2B972F9C0011AB17 /* Extensions.swift */,
			);
			path = Utils;
			sourceTree = "<group>";
		};
		2BC340182B97102D00571A64 /* Files */ = {
			isa = PBXGroup;
			children = (
				2BC33FFE2B970DD200571A64 /* AppDelegate.swift */,
				2BC340002B970DD200571A64 /* SceneDelegate.swift */,
				2BC340072B970DD300571A64 /* Assets.xcassets */,
				2BC340092B970DD300571A64 /* LaunchScreen.storyboard */,
			);
			name = Files;
			sourceTree = "<group>";
		};
		2BC393DC2B97A6870011AB17 /* Frameworks */ = {
			isa = PBXGroup;
			children = (
			);
			name = Frameworks;
			sourceTree = "<group>";
		};
		2BC393EC2B9887DD0011AB17 /* AppView */ = {
			isa = PBXGroup;
			children = (
				2BC393D12B973C610011AB17 /* HeaderViewCell.swift */,
				2B1DB4592BAAFA690040DF54 /* AppHeaderCollectionViewCell.swift */,
				2BC393CD2B972E570011AB17 /* TopFreeCellView.swift */,
				2BC393CB2B972DE70011AB17 /* TopPaidCellView.swift */,
			);
			path = AppView;
			sourceTree = "<group>";
		};
		2BC393EF2B99B61F0011AB17 /* SearchView */ = {
			isa = PBXGroup;
			children = (
				2BC393F02B99B6710011AB17 /* SearchViewCell.swift */,
			);
			path = SearchView;
			sourceTree = "<group>";
		};
/* End PBXGroup section */

/* Begin PBXNativeTarget section */
		2BC33FFA2B970DD200571A64 /* AppStore */ = {
			isa = PBXNativeTarget;
			buildConfigurationList = 2BC3400F2B970DD300571A64 /* Build configuration list for PBXNativeTarget "AppStore" */;
			buildPhases = (
				2BC33FF72B970DD200571A64 /* Sources */,
				2BC33FF82B970DD200571A64 /* Frameworks */,
				2BC33FF92B970DD200571A64 /* Resources */,
			);
			buildRules = (
			);
			dependencies = (
			);
			name = AppStore;
			packageProductDependencies = (
				2BC393DD2B97A6870011AB17 /* Kingfisher */,
			);
			productName = AppStore;
			productReference = 2BC33FFB2B970DD200571A64 /* AppStore.app */;
			productType = "com.apple.product-type.application";
		};
/* End PBXNativeTarget section */

/* Begin PBXProject section */
		2BC33FF32B970DD200571A64 /* Project object */ = {
			isa = PBXProject;
			attributes = {
				BuildIndependentTargetsInParallel = 1;
				LastSwiftUpdateCheck = 1430;
				LastUpgradeCheck = 1430;
				TargetAttributes = {
					2BC33FFA2B970DD200571A64 = {
						CreatedOnToolsVersion = 14.3.1;
					};
				};
			};
			buildConfigurationList = 2BC33FF62B970DD200571A64 /* Build configuration list for PBXProject "AppStore" */;
			compatibilityVersion = "Xcode 14.0";
			developmentRegion = en;
			hasScannedForEncodings = 0;
			knownRegions = (
				en,
				Base,
			);
			mainGroup = 2BC33FF22B970DD200571A64;
			packageReferences = (
				2BC393D92B97A6340011AB17 /* XCRemoteSwiftPackageReference "Kingfisher" */,
				2BC393DF2B97A6AE0011AB17 /* XCRemoteSwiftPackageReference "SDWebImage" */,
			);
			productRefGroup = 2BC33FFC2B970DD200571A64 /* Products */;
			projectDirPath = "";
			projectRoot = "";
			targets = (
				2BC33FFA2B970DD200571A64 /* AppStore */,
			);
		};
/* End PBXProject section */

/* Begin PBXResourcesBuildPhase section */
		2BC33FF92B970DD200571A64 /* Resources */ = {
			isa = PBXResourcesBuildPhase;
			buildActionMask = 2147483647;
			files = (
				2BC3400B2B970DD300571A64 /* LaunchScreen.storyboard in Resources */,
				2BC340082B970DD300571A64 /* Assets.xcassets in Resources */,
			);
			runOnlyForDeploymentPostprocessing = 0;
		};
/* End PBXResourcesBuildPhase section */

/* Begin PBXSourcesBuildPhase section */
		2BC33FF72B970DD200571A64 /* Sources */ = {
			isa = PBXSourcesBuildPhase;
			buildActionMask = 2147483647;
			files = (
				2B1DB4452BA877810040DF54 /* TodayViewController.swift in Sources */,
				2BC393CE2B972E570011AB17 /* TopFreeCellView.swift in Sources */,
				2BC393D82B9749EA0011AB17 /* AppsViewModel.swift in Sources */,
				2BC393D02B972F9C0011AB17 /* Extensions.swift in Sources */,
				2BD5644A2B9B279D002F6CE6 /* AppDetailViewModel.swift in Sources */,
				2BC393D42B9740EE0011AB17 /* AppModel.swift in Sources */,
				2B1DB4342BA0936F0040DF54 /* RatingViewModel.swift in Sources */,
				2B1DB42B2BA063F90040DF54 /* AppDetailCollectionViewCell.swift in Sources */,
				2B1DB4532BA9BD170040DF54 /* TodayDetailCollectionViewCell.swift in Sources */,
				2B1DB4512BA9BCD60040DF54 /* TodayDetailViewController.swift in Sources */,
				2BC393F92B9A3F2F0011AB17 /* SearchViewModel.swift in Sources */,
				2BC3401C2B97109300571A64 /* SearchViewController.swift in Sources */,
				2B1DB42D2BA0858B0040DF54 /* AppScreenshotCollectionViewCell.swift in Sources */,
				2B1DB44F2BA9A34C0040DF54 /* TodayDetailViewModel.swift in Sources */,
				2BC3401A2B97107000571A64 /* MainTabBarViewController.swift in Sources */,
				2B1DB4582BAAFA2D0040DF54 /* AppHeaderViewModel.swift in Sources */,
				2B1DB4302BA090840040DF54 /* AppRatingCollectionViewCell.swift in Sources */,
				2B1DB43C2BA4700C0040DF54 /* SettingsModel.swift in Sources */,
				2B1DB4322BA093330040DF54 /* RatingModel.swift in Sources */,
				2BD564502BA04AFC002F6CE6 /* AppsDetailViewController.swift in Sources */,
				2BC340202B9717A100571A64 /* AppsViewController.swift in Sources */,
				2B1DB4412BA834220040DF54 /* SettingsTableViewCell.swift in Sources */,
				2B1DB4562BAAF9490040DF54 /* AppHeaderModel.swift in Sources */,
				2BD5644C2B9B27B3002F6CE6 /* AppDetailModel.swift in Sources */,
				2BC393CC2B972DE70011AB17 /* TopPaidCellView.swift in Sources */,
				2BC393D62B97449B0011AB17 /* APICaller.swift in Sources */,
				2B1DB4492BA8BE0A0040DF54 /* TodayCollectionViewCell.swift in Sources */,
				2B1DB4472BA879CD0040DF54 /* TodayModel.swift in Sources */,
				2BC393F52B99E9440011AB17 /* SearchModel.swift in Sources */,
				2BC33FFF2B970DD200571A64 /* AppDelegate.swift in Sources */,
				2BC393F12B99B6710011AB17 /* SearchViewCell.swift in Sources */,
				2B1DB45A2BAAFA690040DF54 /* AppHeaderCollectionViewCell.swift in Sources */,
				2BC340012B970DD200571A64 /* SceneDelegate.swift in Sources */,
				2BC3401E2B9711FE00571A64 /* SettingsViewController.swift in Sources */,
				2BC393D22B973C610011AB17 /* HeaderViewCell.swift in Sources */,
			);
			runOnlyForDeploymentPostprocessing = 0;
		};
/* End PBXSourcesBuildPhase section */

/* Begin PBXVariantGroup section */
		2BC340092B970DD300571A64 /* LaunchScreen.storyboard */ = {
			isa = PBXVariantGroup;
			children = (
				2BC3400A2B970DD300571A64 /* Base */,
			);
			name = LaunchScreen.storyboard;
			sourceTree = "<group>";
		};
/* End PBXVariantGroup section */

/* Begin XCBuildConfiguration section */
		2BC3400D2B970DD300571A64 /* Debug */ = {
			isa = XCBuildConfiguration;
			buildSettings = {
				ALWAYS_SEARCH_USER_PATHS = NO;
				CLANG_ANALYZER_NONNULL = YES;
				CLANG_ANALYZER_NUMBER_OBJECT_CONVERSION = YES_AGGRESSIVE;
				CLANG_CXX_LANGUAGE_STANDARD = "gnu++20";
				CLANG_ENABLE_MODULES = YES;
				CLANG_ENABLE_OBJC_ARC = YES;
				CLANG_ENABLE_OBJC_WEAK = YES;
				CLANG_WARN_BLOCK_CAPTURE_AUTORELEASING = YES;
				CLANG_WARN_BOOL_CONVERSION = YES;
				CLANG_WARN_COMMA = YES;
				CLANG_WARN_CONSTANT_CONVERSION = YES;
				CLANG_WARN_DEPRECATED_OBJC_IMPLEMENTATIONS = YES;
				CLANG_WARN_DIRECT_OBJC_ISA_USAGE = YES_ERROR;
				CLANG_WARN_DOCUMENTATION_COMMENTS = YES;
				CLANG_WARN_EMPTY_BODY = YES;
				CLANG_WARN_ENUM_CONVERSION = YES;
				CLANG_WARN_INFINITE_RECURSION = YES;
				CLANG_WARN_INT_CONVERSION = YES;
				CLANG_WARN_NON_LITERAL_NULL_CONVERSION = YES;
				CLANG_WARN_OBJC_IMPLICIT_RETAIN_SELF = YES;
				CLANG_WARN_OBJC_LITERAL_CONVERSION = YES;
				CLANG_WARN_OBJC_ROOT_CLASS = YES_ERROR;
				CLANG_WARN_QUOTED_INCLUDE_IN_FRAMEWORK_HEADER = YES;
				CLANG_WARN_RANGE_LOOP_ANALYSIS = YES;
				CLANG_WARN_STRICT_PROTOTYPES = YES;
				CLANG_WARN_SUSPICIOUS_MOVE = YES;
				CLANG_WARN_UNGUARDED_AVAILABILITY = YES_AGGRESSIVE;
				CLANG_WARN_UNREACHABLE_CODE = YES;
				CLANG_WARN__DUPLICATE_METHOD_MATCH = YES;
				COPY_PHASE_STRIP = NO;
				DEBUG_INFORMATION_FORMAT = dwarf;
				ENABLE_STRICT_OBJC_MSGSEND = YES;
				ENABLE_TESTABILITY = YES;
				GCC_C_LANGUAGE_STANDARD = gnu11;
				GCC_DYNAMIC_NO_PIC = NO;
				GCC_NO_COMMON_BLOCKS = YES;
				GCC_OPTIMIZATION_LEVEL = 0;
				GCC_PREPROCESSOR_DEFINITIONS = (
					"DEBUG=1",
					"$(inherited)",
				);
				GCC_WARN_64_TO_32_BIT_CONVERSION = YES;
				GCC_WARN_ABOUT_RETURN_TYPE = YES_ERROR;
				GCC_WARN_UNDECLARED_SELECTOR = YES;
				GCC_WARN_UNINITIALIZED_AUTOS = YES_AGGRESSIVE;
				GCC_WARN_UNUSED_FUNCTION = YES;
				GCC_WARN_UNUSED_VARIABLE = YES;
				IPHONEOS_DEPLOYMENT_TARGET = 16.4;
				MTL_ENABLE_DEBUG_INFO = INCLUDE_SOURCE;
				MTL_FAST_MATH = YES;
				ONLY_ACTIVE_ARCH = YES;
				SDKROOT = iphoneos;
				SWIFT_ACTIVE_COMPILATION_CONDITIONS = DEBUG;
				SWIFT_OPTIMIZATION_LEVEL = "-Onone";
			};
			name = Debug;
		};
		2BC3400E2B970DD300571A64 /* Release */ = {
			isa = XCBuildConfiguration;
			buildSettings = {
				ALWAYS_SEARCH_USER_PATHS = NO;
				CLANG_ANALYZER_NONNULL = YES;
				CLANG_ANALYZER_NUMBER_OBJECT_CONVERSION = YES_AGGRESSIVE;
				CLANG_CXX_LANGUAGE_STANDARD = "gnu++20";
				CLANG_ENABLE_MODULES = YES;
				CLANG_ENABLE_OBJC_ARC = YES;
				CLANG_ENABLE_OBJC_WEAK = YES;
				CLANG_WARN_BLOCK_CAPTURE_AUTORELEASING = YES;
				CLANG_WARN_BOOL_CONVERSION = YES;
				CLANG_WARN_COMMA = YES;
				CLANG_WARN_CONSTANT_CONVERSION = YES;
				CLANG_WARN_DEPRECATED_OBJC_IMPLEMENTATIONS = YES;
				CLANG_WARN_DIRECT_OBJC_ISA_USAGE = YES_ERROR;
				CLANG_WARN_DOCUMENTATION_COMMENTS = YES;
				CLANG_WARN_EMPTY_BODY = YES;
				CLANG_WARN_ENUM_CONVERSION = YES;
				CLANG_WARN_INFINITE_RECURSION = YES;
				CLANG_WARN_INT_CONVERSION = YES;
				CLANG_WARN_NON_LITERAL_NULL_CONVERSION = YES;
				CLANG_WARN_OBJC_IMPLICIT_RETAIN_SELF = YES;
				CLANG_WARN_OBJC_LITERAL_CONVERSION = YES;
				CLANG_WARN_OBJC_ROOT_CLASS = YES_ERROR;
				CLANG_WARN_QUOTED_INCLUDE_IN_FRAMEWORK_HEADER = YES;
				CLANG_WARN_RANGE_LOOP_ANALYSIS = YES;
				CLANG_WARN_STRICT_PROTOTYPES = YES;
				CLANG_WARN_SUSPICIOUS_MOVE = YES;
				CLANG_WARN_UNGUARDED_AVAILABILITY = YES_AGGRESSIVE;
				CLANG_WARN_UNREACHABLE_CODE = YES;
				CLANG_WARN__DUPLICATE_METHOD_MATCH = YES;
				COPY_PHASE_STRIP = NO;
				DEBUG_INFORMATION_FORMAT = "dwarf-with-dsym";
				ENABLE_NS_ASSERTIONS = NO;
				ENABLE_STRICT_OBJC_MSGSEND = YES;
				GCC_C_LANGUAGE_STANDARD = gnu11;
				GCC_NO_COMMON_BLOCKS = YES;
				GCC_WARN_64_TO_32_BIT_CONVERSION = YES;
				GCC_WARN_ABOUT_RETURN_TYPE = YES_ERROR;
				GCC_WARN_UNDECLARED_SELECTOR = YES;
				GCC_WARN_UNINITIALIZED_AUTOS = YES_AGGRESSIVE;
				GCC_WARN_UNUSED_FUNCTION = YES;
				GCC_WARN_UNUSED_VARIABLE = YES;
				IPHONEOS_DEPLOYMENT_TARGET = 16.4;
				MTL_ENABLE_DEBUG_INFO = NO;
				MTL_FAST_MATH = YES;
				SDKROOT = iphoneos;
				SWIFT_COMPILATION_MODE = wholemodule;
				SWIFT_OPTIMIZATION_LEVEL = "-O";
				VALIDATE_PRODUCT = YES;
			};
			name = Release;
		};
		2BC340102B970DD300571A64 /* Debug */ = {
			isa = XCBuildConfiguration;
			buildSettings = {
				ASSETCATALOG_COMPILER_APPICON_NAME = AppIcon;
				ASSETCATALOG_COMPILER_GLOBAL_ACCENT_COLOR_NAME = AccentColor;
				CODE_SIGN_STYLE = Automatic;
				CURRENT_PROJECT_VERSION = 1;
				DEVELOPMENT_TEAM = 6CX7MPY7Q3;
				GENERATE_INFOPLIST_FILE = YES;
				INFOPLIST_FILE = AppStore/Info.plist;
				INFOPLIST_KEY_UIApplicationSupportsIndirectInputEvents = YES;
				INFOPLIST_KEY_UILaunchStoryboardName = LaunchScreen;
				INFOPLIST_KEY_UISupportedInterfaceOrientations_iPad = "UIInterfaceOrientationPortrait UIInterfaceOrientationPortraitUpsideDown UIInterfaceOrientationLandscapeLeft UIInterfaceOrientationLandscapeRight";
				INFOPLIST_KEY_UISupportedInterfaceOrientations_iPhone = "UIInterfaceOrientationPortrait UIInterfaceOrientationLandscapeLeft UIInterfaceOrientationLandscapeRight";
				IPHONEOS_DEPLOYMENT_TARGET = 16.4;
				LD_RUNPATH_SEARCH_PATHS = (
					"$(inherited)",
					"@executable_path/Frameworks",
				);
				MARKETING_VERSION = 1.0;
				PRODUCT_BUNDLE_IDENTIFIER = com.canerkarabulut.AppStore;
				PRODUCT_NAME = "$(TARGET_NAME)";
				SWIFT_EMIT_LOC_STRINGS = YES;
				SWIFT_VERSION = 5.0;
				TARGETED_DEVICE_FAMILY = "1,2";
			};
			name = Debug;
		};
		2BC340112B970DD300571A64 /* Release */ = {
			isa = XCBuildConfiguration;
			buildSettings = {
				ASSETCATALOG_COMPILER_APPICON_NAME = AppIcon;
				ASSETCATALOG_COMPILER_GLOBAL_ACCENT_COLOR_NAME = AccentColor;
				CODE_SIGN_STYLE = Automatic;
				CURRENT_PROJECT_VERSION = 1;
				DEVELOPMENT_TEAM = 6CX7MPY7Q3;
				GENERATE_INFOPLIST_FILE = YES;
				INFOPLIST_FILE = AppStore/Info.plist;
				INFOPLIST_KEY_UIApplicationSupportsIndirectInputEvents = YES;
				INFOPLIST_KEY_UILaunchStoryboardName = LaunchScreen;
				INFOPLIST_KEY_UISupportedInterfaceOrientations_iPad = "UIInterfaceOrientationPortrait UIInterfaceOrientationPortraitUpsideDown UIInterfaceOrientationLandscapeLeft UIInterfaceOrientationLandscapeRight";
				INFOPLIST_KEY_UISupportedInterfaceOrientations_iPhone = "UIInterfaceOrientationPortrait UIInterfaceOrientationLandscapeLeft UIInterfaceOrientationLandscapeRight";
				IPHONEOS_DEPLOYMENT_TARGET = 16.4;
				LD_RUNPATH_SEARCH_PATHS = (
					"$(inherited)",
					"@executable_path/Frameworks",
				);
				MARKETING_VERSION = 1.0;
				PRODUCT_BUNDLE_IDENTIFIER = com.canerkarabulut.AppStore;
				PRODUCT_NAME = "$(TARGET_NAME)";
				SWIFT_EMIT_LOC_STRINGS = YES;
				SWIFT_VERSION = 5.0;
				TARGETED_DEVICE_FAMILY = "1,2";
			};
			name = Release;
		};
/* End XCBuildConfiguration section */

/* Begin XCConfigurationList section */
		2BC33FF62B970DD200571A64 /* Build configuration list for PBXProject "AppStore" */ = {
			isa = XCConfigurationList;
			buildConfigurations = (
				2BC3400D2B970DD300571A64 /* Debug */,
				2BC3400E2B970DD300571A64 /* Release */,
			);
			defaultConfigurationIsVisible = 0;
			defaultConfigurationName = Release;
		};
		2BC3400F2B970DD300571A64 /* Build configuration list for PBXNativeTarget "AppStore" */ = {
			isa = XCConfigurationList;
			buildConfigurations = (
				2BC340102B970DD300571A64 /* Debug */,
				2BC340112B970DD300571A64 /* Release */,
			);
			defaultConfigurationIsVisible = 0;
			defaultConfigurationName = Release;
		};
/* End XCConfigurationList section */

/* Begin XCRemoteSwiftPackageReference section */
		2BC393D92B97A6340011AB17 /* XCRemoteSwiftPackageReference "Kingfisher" */ = {
			isa = XCRemoteSwiftPackageReference;
			repositoryURL = "https://github.com/onevcat/Kingfisher.git";
			requirement = {
				kind = upToNextMajorVersion;
				minimumVersion = 7.0.0;
			};
		};
		2BC393DF2B97A6AE0011AB17 /* XCRemoteSwiftPackageReference "SDWebImage" */ = {
			isa = XCRemoteSwiftPackageReference;
			repositoryURL = "https://github.com/SDWebImage/SDWebImage.git";
			requirement = {
				kind = upToNextMajorVersion;
				minimumVersion = 5.0.0;
			};
		};
/* End XCRemoteSwiftPackageReference section */

/* Begin XCSwiftPackageProductDependency section */
		2BC393DD2B97A6870011AB17 /* Kingfisher */ = {
			isa = XCSwiftPackageProductDependency;
			package = 2BC393D92B97A6340011AB17 /* XCRemoteSwiftPackageReference "Kingfisher" */;
			productName = Kingfisher;
		};
/* End XCSwiftPackageProductDependency section */
	};
	rootObject = 2BC33FF32B970DD200571A64 /* Project object */;
}
